{
  "name": "export-excel",
  "version": "1.0.0",
  "lockfileVersion": 1,
  "requires": true,
  "dependencies": {
    "ejsexcel": {
      "version": "3.5.3",
      "resolved": "http://registry.npm.taobao.org/ejsexcel/download/ejsexcel-3.5.3.tgz",
      "integrity": "sha1-NVjP/OOxvza6QECN4PbBUvL8y70="
    }
  }
}
